
Microsoft Visual Studio Solution File, Format Version 12.00
# Visual Studio Version 16
VisualStudioVersion = 16.0.28922.388
MinimumVisualStudioVersion = 10.0.40219.1
<<<<<<< HEAD
=======
Project("{9A19103F-16F7-4668-BE54-9A1E7A4F7556}") = "ScheduleComponent", "ScheduleComponent\ScheduleComponent.csproj", "{1A134D0A-F959-49D8-9E48-494E0660D092}"
EndProject
Project("{9A19103F-16F7-4668-BE54-9A1E7A4F7556}") = "AirplaneComponent", "AirplaneComponent\AirplaneComponent.csproj", "{79AD2644-EE07-4C35-A3E2-041C9D174D7A}"
EndProject
>>>>>>> 263ed215ba5b69d9f8de844354180c6c63c7d5cc
Project("{9A19103F-16F7-4668-BE54-9A1E7A4F7556}") = "AirportLibrary", "AirportLibrary\AirportLibrary.csproj", "{D8F7B003-666C-4920-A534-0E683FD434C1}"
EndProject
Project("{9A19103F-16F7-4668-BE54-9A1E7A4F7556}") = "RabbitMqWrapper", "MqWrapper\RabbitMqWrapper.csproj", "{21ECA996-0352-4919-8535-B3DF71192DF3}"
EndProject
<<<<<<< HEAD
<<<<<<< HEAD
<<<<<<< HEAD
<<<<<<< HEAD
<<<<<<< HEAD
<<<<<<< HEAD
Project("{FAE04EC0-301F-11D3-BF4B-00C04F79EFBC}") = "TimeServiceComponent", "TimeServiceComponent\TimeServiceComponent.csproj", "{2C400E24-210C-4B5C-B314-C86F20DE0CEA}"
=======
Project("{FAE04EC0-301F-11D3-BF4B-00C04F79EFBC}") = "PassengerComponent", "PassengerComponent\PassengerComponent.csproj", "{FE0899DF-F007-44C7-9B8E-29D29040DFB1}"
>>>>>>> 7c996d264c800f8c7b8d09bdcf831c6819925679
=======
Project("{FAE04EC0-301F-11D3-BF4B-00C04F79EFBC}") = "StorageComponent", "StorageComponent\StorageComponent.csproj", "{21C197C5-2463-43A3-BD3D-B9EBA7B6BB75}"
>>>>>>> 68bf725f48fb9f8cb77400e5d5987f0a1b539a14
=======
Project("{9A19103F-16F7-4668-BE54-9A1E7A4F7556}") = "FollowMeComponent", "FollowMeComponent\FollowMeComponent.csproj", "{34B208FC-9B97-4E80-A801-88F30AAF8B7E}"
>>>>>>> 7d53ec5670118ce6a98767c53196f0530aefbd67
=======
Project("{9A19103F-16F7-4668-BE54-9A1E7A4F7556}") = "TransportMotion", "TransportMotion\TransportMotion.csproj", "{C38FF7A9-37A7-41B3-BA34-3D4F1583949A}"
>>>>>>> da26124704ff288c4d712cf9e44ffa68a655edfb
=======
Project("{FAE04EC0-301F-11D3-BF4B-00C04F79EFBC}") = "RegistrationComponent", "RegistrationComponent\RegistrationComponent.csproj", "{144E1B68-546E-4E1C-AFC0-FA3280B282A2}"
>>>>>>> c477c3d1593fd85d1504cbdb24e7fce6808b38ba
=======
Project("{9A19103F-16F7-4668-BE54-9A1E7A4F7556}") = "TransportMotion", "TransportMotion\TransportMotion.csproj", "{C6C936EE-3E8A-4DCA-BB4D-1D453C299E0D}"
EndProject
Project("{FAE04EC0-301F-11D3-BF4B-00C04F79EFBC}") = "CateringComponent", "CateringComponent\CateringComponent.csproj", "{619104D1-8965-4BFB-954D-1E3DCE341C00}"
>>>>>>> 51fc1a69e29f4bd3462fbdfc5f96a7215e92ec8f
EndProject
Global
	GlobalSection(SolutionConfigurationPlatforms) = preSolution
		Debug|Any CPU = Debug|Any CPU
		Release|Any CPU = Release|Any CPU
	EndGlobalSection
	GlobalSection(ProjectConfigurationPlatforms) = postSolution
<<<<<<< HEAD
=======
		{1A134D0A-F959-49D8-9E48-494E0660D092}.Debug|Any CPU.ActiveCfg = Debug|Any CPU
		{1A134D0A-F959-49D8-9E48-494E0660D092}.Debug|Any CPU.Build.0 = Debug|Any CPU
		{1A134D0A-F959-49D8-9E48-494E0660D092}.Release|Any CPU.ActiveCfg = Release|Any CPU
		{1A134D0A-F959-49D8-9E48-494E0660D092}.Release|Any CPU.Build.0 = Release|Any CPU
		{79AD2644-EE07-4C35-A3E2-041C9D174D7A}.Debug|Any CPU.ActiveCfg = Debug|Any CPU
		{79AD2644-EE07-4C35-A3E2-041C9D174D7A}.Debug|Any CPU.Build.0 = Debug|Any CPU
		{79AD2644-EE07-4C35-A3E2-041C9D174D7A}.Release|Any CPU.ActiveCfg = Release|Any CPU
		{79AD2644-EE07-4C35-A3E2-041C9D174D7A}.Release|Any CPU.Build.0 = Release|Any CPU
>>>>>>> 263ed215ba5b69d9f8de844354180c6c63c7d5cc
		{D8F7B003-666C-4920-A534-0E683FD434C1}.Debug|Any CPU.ActiveCfg = Debug|Any CPU
		{D8F7B003-666C-4920-A534-0E683FD434C1}.Debug|Any CPU.Build.0 = Debug|Any CPU
		{D8F7B003-666C-4920-A534-0E683FD434C1}.Release|Any CPU.ActiveCfg = Release|Any CPU
		{D8F7B003-666C-4920-A534-0E683FD434C1}.Release|Any CPU.Build.0 = Release|Any CPU
<<<<<<< HEAD
		{548956CA-B7F5-4B8D-AB24-5AE5C900F789}.Debug|Any CPU.ActiveCfg = Debug|Any CPU
		{548956CA-B7F5-4B8D-AB24-5AE5C900F789}.Debug|Any CPU.Build.0 = Debug|Any CPU
		{548956CA-B7F5-4B8D-AB24-5AE5C900F789}.Release|Any CPU.ActiveCfg = Release|Any CPU
		{548956CA-B7F5-4B8D-AB24-5AE5C900F789}.Release|Any CPU.Build.0 = Release|Any CPU
<<<<<<< HEAD
<<<<<<< HEAD
<<<<<<< HEAD
<<<<<<< HEAD
<<<<<<< HEAD
<<<<<<< HEAD
		{2C400E24-210C-4B5C-B314-C86F20DE0CEA}.Debug|Any CPU.ActiveCfg = Debug|Any CPU
		{2C400E24-210C-4B5C-B314-C86F20DE0CEA}.Debug|Any CPU.Build.0 = Debug|Any CPU
		{2C400E24-210C-4B5C-B314-C86F20DE0CEA}.Release|Any CPU.ActiveCfg = Release|Any CPU
		{2C400E24-210C-4B5C-B314-C86F20DE0CEA}.Release|Any CPU.Build.0 = Release|Any CPU
=======
		{10D92438-7F96-4AE6-9DEF-CED862F87E8A}.Debug|Any CPU.ActiveCfg = Debug|Any CPU
		{10D92438-7F96-4AE6-9DEF-CED862F87E8A}.Debug|Any CPU.Build.0 = Debug|Any CPU
		{10D92438-7F96-4AE6-9DEF-CED862F87E8A}.Release|Any CPU.ActiveCfg = Release|Any CPU
		{10D92438-7F96-4AE6-9DEF-CED862F87E8A}.Release|Any CPU.Build.0 = Release|Any CPU
		{FE0899DF-F007-44C7-9B8E-29D29040DFB1}.Debug|Any CPU.ActiveCfg = Debug|Any CPU
		{FE0899DF-F007-44C7-9B8E-29D29040DFB1}.Debug|Any CPU.Build.0 = Debug|Any CPU
		{FE0899DF-F007-44C7-9B8E-29D29040DFB1}.Release|Any CPU.ActiveCfg = Release|Any CPU
		{FE0899DF-F007-44C7-9B8E-29D29040DFB1}.Release|Any CPU.Build.0 = Release|Any CPU
>>>>>>> 7c996d264c800f8c7b8d09bdcf831c6819925679
=======
		{21C197C5-2463-43A3-BD3D-B9EBA7B6BB75}.Debug|Any CPU.ActiveCfg = Debug|Any CPU
		{21C197C5-2463-43A3-BD3D-B9EBA7B6BB75}.Debug|Any CPU.Build.0 = Debug|Any CPU
		{21C197C5-2463-43A3-BD3D-B9EBA7B6BB75}.Release|Any CPU.ActiveCfg = Release|Any CPU
		{21C197C5-2463-43A3-BD3D-B9EBA7B6BB75}.Release|Any CPU.Build.0 = Release|Any CPU
>>>>>>> 68bf725f48fb9f8cb77400e5d5987f0a1b539a14
=======
		{34B208FC-9B97-4E80-A801-88F30AAF8B7E}.Debug|Any CPU.ActiveCfg = Debug|Any CPU
		{34B208FC-9B97-4E80-A801-88F30AAF8B7E}.Debug|Any CPU.Build.0 = Debug|Any CPU
		{34B208FC-9B97-4E80-A801-88F30AAF8B7E}.Release|Any CPU.ActiveCfg = Release|Any CPU
		{34B208FC-9B97-4E80-A801-88F30AAF8B7E}.Release|Any CPU.Build.0 = Release|Any CPU
>>>>>>> 7d53ec5670118ce6a98767c53196f0530aefbd67
=======
		{C38FF7A9-37A7-41B3-BA34-3D4F1583949A}.Debug|Any CPU.ActiveCfg = Debug|Any CPU
		{C38FF7A9-37A7-41B3-BA34-3D4F1583949A}.Debug|Any CPU.Build.0 = Debug|Any CPU
		{C38FF7A9-37A7-41B3-BA34-3D4F1583949A}.Release|Any CPU.ActiveCfg = Release|Any CPU
		{C38FF7A9-37A7-41B3-BA34-3D4F1583949A}.Release|Any CPU.Build.0 = Release|Any CPU
>>>>>>> da26124704ff288c4d712cf9e44ffa68a655edfb
=======
		{144E1B68-546E-4E1C-AFC0-FA3280B282A2}.Debug|Any CPU.ActiveCfg = Debug|Any CPU
		{144E1B68-546E-4E1C-AFC0-FA3280B282A2}.Debug|Any CPU.Build.0 = Debug|Any CPU
		{144E1B68-546E-4E1C-AFC0-FA3280B282A2}.Release|Any CPU.ActiveCfg = Release|Any CPU
		{144E1B68-546E-4E1C-AFC0-FA3280B282A2}.Release|Any CPU.Build.0 = Release|Any CPU
>>>>>>> c477c3d1593fd85d1504cbdb24e7fce6808b38ba
=======
		{C6C936EE-3E8A-4DCA-BB4D-1D453C299E0D}.Debug|Any CPU.ActiveCfg = Debug|Any CPU
		{C6C936EE-3E8A-4DCA-BB4D-1D453C299E0D}.Debug|Any CPU.Build.0 = Debug|Any CPU
		{C6C936EE-3E8A-4DCA-BB4D-1D453C299E0D}.Release|Any CPU.ActiveCfg = Release|Any CPU
		{C6C936EE-3E8A-4DCA-BB4D-1D453C299E0D}.Release|Any CPU.Build.0 = Release|Any CPU
		{619104D1-8965-4BFB-954D-1E3DCE341C00}.Debug|Any CPU.ActiveCfg = Debug|Any CPU
		{619104D1-8965-4BFB-954D-1E3DCE341C00}.Debug|Any CPU.Build.0 = Debug|Any CPU
		{619104D1-8965-4BFB-954D-1E3DCE341C00}.Release|Any CPU.ActiveCfg = Release|Any CPU
		{619104D1-8965-4BFB-954D-1E3DCE341C00}.Release|Any CPU.Build.0 = Release|Any CPU
>>>>>>> 51fc1a69e29f4bd3462fbdfc5f96a7215e92ec8f
=======
		{21ECA996-0352-4919-8535-B3DF71192DF3}.Debug|Any CPU.ActiveCfg = Debug|Any CPU
		{21ECA996-0352-4919-8535-B3DF71192DF3}.Debug|Any CPU.Build.0 = Debug|Any CPU
		{21ECA996-0352-4919-8535-B3DF71192DF3}.Release|Any CPU.ActiveCfg = Release|Any CPU
		{21ECA996-0352-4919-8535-B3DF71192DF3}.Release|Any CPU.Build.0 = Release|Any CPU
>>>>>>> 263ed215ba5b69d9f8de844354180c6c63c7d5cc
	EndGlobalSection
	GlobalSection(SolutionProperties) = preSolution
		HideSolutionNode = FALSE
	EndGlobalSection
	GlobalSection(ExtensibilityGlobals) = postSolution
		SolutionGuid = {DD38BC3A-B47D-4CA5-936B-D1C970A0A547}
	EndGlobalSection
EndGlobal
