
Microsoft Visual Studio Solution File, Format Version 12.00
# Visual Studio Version 16
VisualStudioVersion = 16.0.28922.388
MinimumVisualStudioVersion = 10.0.40219.1
Project("{FAE04EC0-301F-11D3-BF4B-00C04F79EFBC}") = "ScheduleComponent", "ScheduleComponent\ScheduleComponent.csproj", "{0233CD02-EABE-410C-B55F-6C3E0149330A}"
EndProject
Project("{FAE04EC0-301F-11D3-BF4B-00C04F79EFBC}") = "RabbitMqWrapper", "MqWrapper\RabbitMqWrapper.csproj", "{D3C895F4-A70B-4FBF-9C42-9540F4D7E83E}"
EndProject
Project("{FAE04EC0-301F-11D3-BF4B-00C04F79EFBC}") = "GroundmoutionComponent", "GroundmoutionComponent\GroundmoutionComponent.csproj", "{A80A4DB6-67E9-40FD-B3F2-74793203D685}"
EndProject
Global
	GlobalSection(SolutionConfigurationPlatforms) = preSolution
		Debug|Any CPU = Debug|Any CPU
		Release|Any CPU = Release|Any CPU
	EndGlobalSection
	GlobalSection(ProjectConfigurationPlatforms) = postSolution
		{0233CD02-EABE-410C-B55F-6C3E0149330A}.Debug|Any CPU.ActiveCfg = Debug|Any CPU
		{0233CD02-EABE-410C-B55F-6C3E0149330A}.Debug|Any CPU.Build.0 = Debug|Any CPU
		{0233CD02-EABE-410C-B55F-6C3E0149330A}.Release|Any CPU.ActiveCfg = Release|Any CPU
		{0233CD02-EABE-410C-B55F-6C3E0149330A}.Release|Any CPU.Build.0 = Release|Any CPU
		{D3C895F4-A70B-4FBF-9C42-9540F4D7E83E}.Debug|Any CPU.ActiveCfg = Debug|Any CPU
		{D3C895F4-A70B-4FBF-9C42-9540F4D7E83E}.Debug|Any CPU.Build.0 = Debug|Any CPU
		{D3C895F4-A70B-4FBF-9C42-9540F4D7E83E}.Release|Any CPU.ActiveCfg = Release|Any CPU
		{D3C895F4-A70B-4FBF-9C42-9540F4D7E83E}.Release|Any CPU.Build.0 = Release|Any CPU
		{A80A4DB6-67E9-40FD-B3F2-74793203D685}.Debug|Any CPU.ActiveCfg = Debug|Any CPU
		{A80A4DB6-67E9-40FD-B3F2-74793203D685}.Debug|Any CPU.Build.0 = Debug|Any CPU
		{A80A4DB6-67E9-40FD-B3F2-74793203D685}.Release|Any CPU.ActiveCfg = Release|Any CPU
		{A80A4DB6-67E9-40FD-B3F2-74793203D685}.Release|Any CPU.Build.0 = Release|Any CPU
	EndGlobalSection
	GlobalSection(SolutionProperties) = preSolution
		HideSolutionNode = FALSE
	EndGlobalSection
	GlobalSection(ExtensibilityGlobals) = postSolution
		SolutionGuid = {DD38BC3A-B47D-4CA5-936B-D1C970A0A547}
	EndGlobalSection
EndGlobal
