
Microsoft Visual Studio Solution File, Format Version 12.00
# Visual Studio Version 16
VisualStudioVersion = 16.0.28922.388
MinimumVisualStudioVersion = 10.0.40219.1
Project("{9A19103F-16F7-4668-BE54-9A1E7A4F7556}") = "ScheduleComponent", "ScheduleComponent\ScheduleComponent.csproj", "{1A134D0A-F959-49D8-9E48-494E0660D092}"
EndProject
Project("{9A19103F-16F7-4668-BE54-9A1E7A4F7556}") = "AirportLibrary", "AirportLibrary\AirportLibrary.csproj", "{D8F7B003-666C-4920-A534-0E683FD434C1}"
EndProject
Project("{9A19103F-16F7-4668-BE54-9A1E7A4F7556}") = "RabbitMqWrapper", "MqWrapper\RabbitMqWrapper.csproj", "{548956CA-B7F5-4B8D-AB24-5AE5C900F789}"
EndProject
Project("{FAE04EC0-301F-11D3-BF4B-00C04F79EFBC}") = "PassengerComponent", "PassengerComponent\PassengerComponent.csproj", "{FE0899DF-F007-44C7-9B8E-29D29040DFB1}"
EndProject
Global
	GlobalSection(SolutionConfigurationPlatforms) = preSolution
		Debug|Any CPU = Debug|Any CPU
		Release|Any CPU = Release|Any CPU
	EndGlobalSection
	GlobalSection(ProjectConfigurationPlatforms) = postSolution
		{1A134D0A-F959-49D8-9E48-494E0660D092}.Debug|Any CPU.ActiveCfg = Debug|Any CPU
		{1A134D0A-F959-49D8-9E48-494E0660D092}.Debug|Any CPU.Build.0 = Debug|Any CPU
		{1A134D0A-F959-49D8-9E48-494E0660D092}.Release|Any CPU.ActiveCfg = Release|Any CPU
		{1A134D0A-F959-49D8-9E48-494E0660D092}.Release|Any CPU.Build.0 = Release|Any CPU
		{D8F7B003-666C-4920-A534-0E683FD434C1}.Debug|Any CPU.ActiveCfg = Debug|Any CPU
		{D8F7B003-666C-4920-A534-0E683FD434C1}.Debug|Any CPU.Build.0 = Debug|Any CPU
		{D8F7B003-666C-4920-A534-0E683FD434C1}.Release|Any CPU.ActiveCfg = Release|Any CPU
		{D8F7B003-666C-4920-A534-0E683FD434C1}.Release|Any CPU.Build.0 = Release|Any CPU
		{548956CA-B7F5-4B8D-AB24-5AE5C900F789}.Debug|Any CPU.ActiveCfg = Debug|Any CPU
		{548956CA-B7F5-4B8D-AB24-5AE5C900F789}.Debug|Any CPU.Build.0 = Debug|Any CPU
		{548956CA-B7F5-4B8D-AB24-5AE5C900F789}.Release|Any CPU.ActiveCfg = Release|Any CPU
		{548956CA-B7F5-4B8D-AB24-5AE5C900F789}.Release|Any CPU.Build.0 = Release|Any CPU
		{10D92438-7F96-4AE6-9DEF-CED862F87E8A}.Debug|Any CPU.ActiveCfg = Debug|Any CPU
		{10D92438-7F96-4AE6-9DEF-CED862F87E8A}.Debug|Any CPU.Build.0 = Debug|Any CPU
		{10D92438-7F96-4AE6-9DEF-CED862F87E8A}.Release|Any CPU.ActiveCfg = Release|Any CPU
		{10D92438-7F96-4AE6-9DEF-CED862F87E8A}.Release|Any CPU.Build.0 = Release|Any CPU
		{FE0899DF-F007-44C7-9B8E-29D29040DFB1}.Debug|Any CPU.ActiveCfg = Debug|Any CPU
		{FE0899DF-F007-44C7-9B8E-29D29040DFB1}.Debug|Any CPU.Build.0 = Debug|Any CPU
		{FE0899DF-F007-44C7-9B8E-29D29040DFB1}.Release|Any CPU.ActiveCfg = Release|Any CPU
		{FE0899DF-F007-44C7-9B8E-29D29040DFB1}.Release|Any CPU.Build.0 = Release|Any CPU
	EndGlobalSection
	GlobalSection(SolutionProperties) = preSolution
		HideSolutionNode = FALSE
	EndGlobalSection
	GlobalSection(ExtensibilityGlobals) = postSolution
		SolutionGuid = {DD38BC3A-B47D-4CA5-936B-D1C970A0A547}
	EndGlobalSection
EndGlobal
